// !$*UTF8*$!
{
	archiveVersion = 1;
	classes = {
	};
	objectVersion = 56;
	objects = {

/* Begin PBXBuildFile section */
		5C5BF5F92949083B00C5551C /* AppDelegate.swift in Sources */ = {isa = PBXBuildFile; fileRef = 5C5BF5F82949083B00C5551C /* AppDelegate.swift */; };
		5C5BF5FB2949083B00C5551C /* SceneDelegate.swift in Sources */ = {isa = PBXBuildFile; fileRef = 5C5BF5FA2949083B00C5551C /* SceneDelegate.swift */; };
		5C5BF5FD2949083B00C5551C /* ViewController.swift in Sources */ = {isa = PBXBuildFile; fileRef = 5C5BF5FC2949083B00C5551C /* ViewController.swift */; };
		5C5BF6002949083B00C5551C /* Main.storyboard in Resources */ = {isa = PBXBuildFile; fileRef = 5C5BF5FE2949083B00C5551C /* Main.storyboard */; };
		5C5BF6022949083D00C5551C /* Assets.xcassets in Resources */ = {isa = PBXBuildFile; fileRef = 5C5BF6012949083D00C5551C /* Assets.xcassets */; };
		5C5BF6052949083D00C5551C /* LaunchScreen.storyboard in Resources */ = {isa = PBXBuildFile; fileRef = 5C5BF6032949083D00C5551C /* LaunchScreen.storyboard */; };
		5C5BF60D29491CD900C5551C /* Question.swift in Sources */ = {isa = PBXBuildFile; fileRef = 5C5BF60C29491CD900C5551C /* Question.swift */; };
		5C5BF612294925F600C5551C /* QuizBrain.swift in Sources */ = {isa = PBXBuildFile; fileRef = 5C5BF611294925F600C5551C /* QuizBrain.swift */; };
		5CD574C9294A800E00E72743 /* LaunshViewController.swift in Sources */ = {isa = PBXBuildFile; fileRef = 5CD574C8294A800E00E72743 /* LaunshViewController.swift */; };
		78B871750D5E21BE56CE0FA2 /* Pods_quizller_ios.framework in Frameworks */ = {isa = PBXBuildFile; fileRef = 506BC2FD79F5CC1916AB552C /* Pods_quizller_ios.framework */; };
/* End PBXBuildFile section */

/* Begin PBXFileReference section */
		33085E39AA0452A3050DAC0F /* Pods-quizller-ios.release.xcconfig */ = {isa = PBXFileReference; includeInIndex = 1; lastKnownFileType = text.xcconfig; name = "Pods-quizller-ios.release.xcconfig"; path = "Target Support Files/Pods-quizller-ios/Pods-quizller-ios.release.xcconfig"; sourceTree = "<group>"; };
		4944ABC2EF6D1698E9E16963 /* Pods-quizller-ios.debug.xcconfig */ = {isa = PBXFileReference; includeInIndex = 1; lastKnownFileType = text.xcconfig; name = "Pods-quizller-ios.debug.xcconfig"; path = "Target Support Files/Pods-quizller-ios/Pods-quizller-ios.debug.xcconfig"; sourceTree = "<group>"; };
		506BC2FD79F5CC1916AB552C /* Pods_quizller_ios.framework */ = {isa = PBXFileReference; explicitFileType = wrapper.framework; includeInIndex = 0; path = Pods_quizller_ios.framework; sourceTree = BUILT_PRODUCTS_DIR; };
		5C5BF5F52949083B00C5551C /* quizller-ios.app */ = {isa = PBXFileReference; explicitFileType = wrapper.application; includeInIndex = 0; path = "quizller-ios.app"; sourceTree = BUILT_PRODUCTS_DIR; };
		5C5BF5F82949083B00C5551C /* AppDelegate.swift */ = {isa = PBXFileReference; lastKnownFileType = sourcecode.swift; path = AppDelegate.swift; sourceTree = "<group>"; };
		5C5BF5FA2949083B00C5551C /* SceneDelegate.swift */ = {isa = PBXFileReference; lastKnownFileType = sourcecode.swift; path = SceneDelegate.swift; sourceTree = "<group>"; };
		5C5BF5FC2949083B00C5551C /* ViewController.swift */ = {isa = PBXFileReference; lastKnownFileType = sourcecode.swift; path = ViewController.swift; sourceTree = "<group>"; };
		5C5BF5FF2949083B00C5551C /* Base */ = {isa = PBXFileReference; lastKnownFileType = file.storyboard; name = Base; path = Base.lproj/Main.storyboard; sourceTree = "<group>"; };
		5C5BF6012949083D00C5551C /* Assets.xcassets */ = {isa = PBXFileReference; lastKnownFileType = folder.assetcatalog; path = Assets.xcassets; sourceTree = "<group>"; };
		5C5BF6042949083D00C5551C /* Base */ = {isa = PBXFileReference; lastKnownFileType = file.storyboard; name = Base; path = Base.lproj/LaunchScreen.storyboard; sourceTree = "<group>"; };
		5C5BF6062949083D00C5551C /* Info.plist */ = {isa = PBXFileReference; lastKnownFileType = text.plist.xml; path = Info.plist; sourceTree = "<group>"; };
		5C5BF60C29491CD900C5551C /* Question.swift */ = {isa = PBXFileReference; lastKnownFileType = sourcecode.swift; path = Question.swift; sourceTree = "<group>"; };
		5C5BF611294925F600C5551C /* QuizBrain.swift */ = {isa = PBXFileReference; lastKnownFileType = sourcecode.swift; path = QuizBrain.swift; sourceTree = "<group>"; };
		5CD574C8294A800E00E72743 /* LaunshViewController.swift */ = {isa = PBXFileReference; lastKnownFileType = sourcecode.swift; path = LaunshViewController.swift; sourceTree = "<group>"; };
/* End PBXFileReference section */

/* Begin PBXFrameworksBuildPhase section */
		5C5BF5F22949083B00C5551C /* Frameworks */ = {
			isa = PBXFrameworksBuildPhase;
			buildActionMask = 2147483647;
			files = (
				78B871750D5E21BE56CE0FA2 /* Pods_quizller_ios.framework in Frameworks */,
			);
			runOnlyForDeploymentPostprocessing = 0;
		};
/* End PBXFrameworksBuildPhase section */

/* Begin PBXGroup section */
		290D1FEAE049FF135CDD8F95 /* Pods */ = {
			isa = PBXGroup;
			children = (
				4944ABC2EF6D1698E9E16963 /* Pods-quizller-ios.debug.xcconfig */,
				33085E39AA0452A3050DAC0F /* Pods-quizller-ios.release.xcconfig */,
			);
			name = Pods;
			path = Pods;
			sourceTree = "<group>";
		};
		5C5BF5EC2949083B00C5551C = {
			isa = PBXGroup;
			children = (
				5C5BF5F72949083B00C5551C /* quizller-ios */,
				5C5BF5F62949083B00C5551C /* Products */,
				290D1FEAE049FF135CDD8F95 /* Pods */,
				C157871C279F98346EF0DBE8 /* Frameworks */,
			);
			sourceTree = "<group>";
		};
		5C5BF5F62949083B00C5551C /* Products */ = {
			isa = PBXGroup;
			children = (
				5C5BF5F52949083B00C5551C /* quizller-ios.app */,
			);
			name = Products;
			sourceTree = "<group>";
		};
		5C5BF5F72949083B00C5551C /* quizller-ios */ = {
			isa = PBXGroup;
			children = (
				5C5BF5F82949083B00C5551C /* AppDelegate.swift */,
				5C5BF5FA2949083B00C5551C /* SceneDelegate.swift */,
				5C5BF60E2949259500C5551C /* Model */,
				5C5BF60F294925A100C5551C /* View */,
				5C5BF610294925A900C5551C /* Controller */,
				5C5BF6012949083D00C5551C /* Assets.xcassets */,
				5C5BF6032949083D00C5551C /* LaunchScreen.storyboard */,
				5C5BF6062949083D00C5551C /* Info.plist */,
			);
			path = "quizller-ios";
			sourceTree = "<group>";
		};
		5C5BF60E2949259500C5551C /* Model */ = {
			isa = PBXGroup;
			children = (
				5C5BF60C29491CD900C5551C /* Question.swift */,
				5C5BF611294925F600C5551C /* QuizBrain.swift */,
			);
			path = Model;
			sourceTree = "<group>";
		};
		5C5BF60F294925A100C5551C /* View */ = {
			isa = PBXGroup;
			children = (
				5C5BF5FE2949083B00C5551C /* Main.storyboard */,
			);
			path = View;
			sourceTree = "<group>";
		};
		5C5BF610294925A900C5551C /* Controller */ = {
			isa = PBXGroup;
			children = (
				5C5BF5FC2949083B00C5551C /* ViewController.swift */,
				5CD574C8294A800E00E72743 /* LaunshViewController.swift */,
			);
			path = Controller;
			sourceTree = "<group>";
		};
		C157871C279F98346EF0DBE8 /* Frameworks */ = {
			isa = PBXGroup;
			children = (
				506BC2FD79F5CC1916AB552C /* Pods_quizller_ios.framework */,
			);
			name = Frameworks;
			sourceTree = "<group>";
		};
/* End PBXGroup section */

/* Begin PBXNativeTarget section */
		5C5BF5F42949083B00C5551C /* quizller-ios */ = {
			isa = PBXNativeTarget;
			buildConfigurationList = 5C5BF6092949083D00C5551C /* Build configuration list for PBXNativeTarget "quizller-ios" */;
			buildPhases = (
				DC9D4CD69E55F0091CD79551 /* [CP] Check Pods Manifest.lock */,
				5C5BF5F12949083B00C5551C /* Sources */,
				5C5BF5F22949083B00C5551C /* Frameworks */,
				5C5BF5F32949083B00C5551C /* Resources */,
				6EA933A7D1B0AA9562E55ECA /* [CP] Embed Pods Frameworks */,
			);
			buildRules = (
			);
			dependencies = (
			);
			name = "quizller-ios";
			productName = "quizller-ios";
			productReference = 5C5BF5F52949083B00C5551C /* quizller-ios.app */;
			productType = "com.apple.product-type.application";
		};
/* End PBXNativeTarget section */

/* Begin PBXProject section */
		5C5BF5ED2949083B00C5551C /* Project object */ = {
			isa = PBXProject;
			attributes = {
				BuildIndependentTargetsInParallel = 1;
				LastSwiftUpdateCheck = 1410;
				LastUpgradeCheck = 1410;
				TargetAttributes = {
					5C5BF5F42949083B00C5551C = {
						CreatedOnToolsVersion = 14.1;
					};
				};
			};
			buildConfigurationList = 5C5BF5F02949083B00C5551C /* Build configuration list for PBXProject "quizller-ios" */;
			compatibilityVersion = "Xcode 14.0";
			developmentRegion = en;
			hasScannedForEncodings = 0;
			knownRegions = (
				en,
				Base,
			);
			mainGroup = 5C5BF5EC2949083B00C5551C;
			productRefGroup = 5C5BF5F62949083B00C5551C /* Products */;
			projectDirPath = "";
			projectRoot = "";
			targets = (
				5C5BF5F42949083B00C5551C /* quizller-ios */,
			);
		};
/* End PBXProject section */

/* Begin PBXResourcesBuildPhase section */
		5C5BF5F32949083B00C5551C /* Resources */ = {
			isa = PBXResourcesBuildPhase;
			buildActionMask = 2147483647;
			files = (
				5C5BF6052949083D00C5551C /* LaunchScreen.storyboard in Resources */,
				5C5BF6022949083D00C5551C /* Assets.xcassets in Resources */,
				5C5BF6002949083B00C5551C /* Main.storyboard in Resources */,
			);
			runOnlyForDeploymentPostprocessing = 0;
		};
/* End PBXResourcesBuildPhase section */

/* Begin PBXShellScriptBuildPhase section */
		6EA933A7D1B0AA9562E55ECA /* [CP] Embed Pods Frameworks */ = {
			isa = PBXShellScriptBuildPhase;
			buildActionMask = 2147483647;
			files = (
			);
			inputFileListPaths = (
				"${PODS_ROOT}/Target Support Files/Pods-quizller-ios/Pods-quizller-ios-frameworks-${CONFIGURATION}-input-files.xcfilelist",
			);
			name = "[CP] Embed Pods Frameworks";
			outputFileListPaths = (
				"${PODS_ROOT}/Target Support Files/Pods-quizller-ios/Pods-quizller-ios-frameworks-${CONFIGURATION}-output-files.xcfilelist",
			);
			runOnlyForDeploymentPostprocessing = 0;
			shellPath = /bin/sh;
			shellScript = "\"${PODS_ROOT}/Target Support Files/Pods-quizller-ios/Pods-quizller-ios-frameworks.sh\"\n";
			showEnvVarsInLog = 0;
		};
		DC9D4CD69E55F0091CD79551 /* [CP] Check Pods Manifest.lock */ = {
			isa = PBXShellScriptBuildPhase;
			buildActionMask = 2147483647;
			files = (
			);
			inputFileListPaths = (
			);
			inputPaths = (
				"${PODS_PODFILE_DIR_PATH}/Podfile.lock",
				"${PODS_ROOT}/Manifest.lock",
			);
			name = "[CP] Check Pods Manifest.lock";
			outputFileListPaths = (
			);
			outputPaths = (
				"$(DERIVED_FILE_DIR)/Pods-quizller-ios-checkManifestLockResult.txt",
			);
			runOnlyForDeploymentPostprocessing = 0;
			shellPath = /bin/sh;
			shellScript = "diff \"${PODS_PODFILE_DIR_PATH}/Podfile.lock\" \"${PODS_ROOT}/Manifest.lock\" > /dev/null\nif [ $? != 0 ] ; then\n    # print error to STDERR\n    echo \"error: The sandbox is not in sync with the Podfile.lock. Run 'pod install' or update your CocoaPods installation.\" >&2\n    exit 1\nfi\n# This output is used by Xcode 'outputs' to avoid re-running this script phase.\necho \"SUCCESS\" > \"${SCRIPT_OUTPUT_FILE_0}\"\n";
			showEnvVarsInLog = 0;
		};
/* End PBXShellScriptBuildPhase section */

/* Begin PBXSourcesBuildPhase section */
		5C5BF5F12949083B00C5551C /* Sources */ = {
			isa = PBXSourcesBuildPhase;
			buildActionMask = 2147483647;
			files = (
				5C5BF612294925F600C5551C /* QuizBrain.swift in Sources */,
				5CD574C9294A800E00E72743 /* LaunshViewController.swift in Sources */,
				5C5BF5FD2949083B00C5551C /* ViewController.swift in Sources */,
				5C5BF60D29491CD900C5551C /* Question.swift in Sources */,
				5C5BF5F92949083B00C5551C /* AppDelegate.swift in Sources */,
				5C5BF5FB2949083B00C5551C /* SceneDelegate.swift in Sources */,
			);
			runOnlyForDeploymentPostprocessing = 0;
		};
/* End PBXSourcesBuildPhase section */

/* Begin PBXVariantGroup section */
		5C5BF5FE2949083B00C5551C /* Main.storyboard */ = {
			isa = PBXVariantGroup;
			children = (
				5C5BF5FF2949083B00C5551C /* Base */,
			);
			name = Main.storyboard;
			sourceTree = "<group>";
		};
		5C5BF6032949083D00C5551C /* LaunchScreen.storyboard */ = {
			isa = PBXVariantGroup;
			children = (
				5C5BF6042949083D00C5551C /* Base */,
			);
			name = LaunchScreen.storyboard;
			sourceTree = "<group>";
		};
/* End PBXVariantGroup section */

/* Begin XCBuildConfiguration section */
		5C5BF6072949083D00C5551C /* Debug */ = {
			isa = XCBuildConfiguration;
			buildSettings = {
				ALWAYS_SEARCH_USER_PATHS = NO;
				CLANG_ANALYZER_NONNULL = YES;
				CLANG_ANALYZER_NUMBER_OBJECT_CONVERSION = YES_AGGRESSIVE;
				CLANG_CXX_LANGUAGE_STANDARD = "gnu++20";
				CLANG_ENABLE_MODULES = YES;
				CLANG_ENABLE_OBJC_ARC = YES;
				CLANG_ENABLE_OBJC_WEAK = YES;
				CLANG_WARN_BLOCK_CAPTURE_AUTORELEASING = YES;
				CLANG_WARN_BOOL_CONVERSION = YES;
				CLANG_WARN_COMMA = YES;
				CLANG_WARN_CONSTANT_CONVERSION = YES;
				CLANG_WARN_DEPRECATED_OBJC_IMPLEMENTATIONS = YES;
				CLANG_WARN_DIRECT_OBJC_ISA_USAGE = YES_ERROR;
				CLANG_WARN_DOCUMENTATION_COMMENTS = YES;
				CLANG_WARN_EMPTY_BODY = YES;
				CLANG_WARN_ENUM_CONVERSION = YES;
				CLANG_WARN_INFINITE_RECURSION = YES;
				CLANG_WARN_INT_CONVERSION = YES;
				CLANG_WARN_NON_LITERAL_NULL_CONVERSION = YES;
				CLANG_WARN_OBJC_IMPLICIT_RETAIN_SELF = YES;
				CLANG_WARN_OBJC_LITERAL_CONVERSION = YES;
				CLANG_WARN_OBJC_ROOT_CLASS = YES_ERROR;
				CLANG_WARN_QUOTED_INCLUDE_IN_FRAMEWORK_HEADER = YES;
				CLANG_WARN_RANGE_LOOP_ANALYSIS = YES;
				CLANG_WARN_STRICT_PROTOTYPES = YES;
				CLANG_WARN_SUSPICIOUS_MOVE = YES;
				CLANG_WARN_UNGUARDED_AVAILABILITY = YES_AGGRESSIVE;
				CLANG_WARN_UNREACHABLE_CODE = YES;
				CLANG_WARN__DUPLICATE_METHOD_MATCH = YES;
				COPY_PHASE_STRIP = NO;
				DEBUG_INFORMATION_FORMAT = dwarf;
				ENABLE_STRICT_OBJC_MSGSEND = YES;
				ENABLE_TESTABILITY = YES;
				GCC_C_LANGUAGE_STANDARD = gnu11;
				GCC_DYNAMIC_NO_PIC = NO;
				GCC_NO_COMMON_BLOCKS = YES;
				GCC_OPTIMIZATION_LEVEL = 0;
				GCC_PREPROCESSOR_DEFINITIONS = (
					"DEBUG=1",
					"$(inherited)",
				);
				GCC_WARN_64_TO_32_BIT_CONVERSION = YES;
				GCC_WARN_ABOUT_RETURN_TYPE = YES_ERROR;
				GCC_WARN_UNDECLARED_SELECTOR = YES;
				GCC_WARN_UNINITIALIZED_AUTOS = YES_AGGRESSIVE;
				GCC_WARN_UNUSED_FUNCTION = YES;
				GCC_WARN_UNUSED_VARIABLE = YES;
				IPHONEOS_DEPLOYMENT_TARGET = 16.1;
				MTL_ENABLE_DEBUG_INFO = INCLUDE_SOURCE;
				MTL_FAST_MATH = YES;
				ONLY_ACTIVE_ARCH = YES;
				SDKROOT = iphoneos;
				SWIFT_ACTIVE_COMPILATION_CONDITIONS = DEBUG;
				SWIFT_OPTIMIZATION_LEVEL = "-Onone";
			};
			name = Debug;
		};
		5C5BF6082949083D00C5551C /* Release */ = {
			isa = XCBuildConfiguration;
			buildSettings = {
				ALWAYS_SEARCH_USER_PATHS = NO;
				CLANG_ANALYZER_NONNULL = YES;
				CLANG_ANALYZER_NUMBER_OBJECT_CONVERSION = YES_AGGRESSIVE;
				CLANG_CXX_LANGUAGE_STANDARD = "gnu++20";
				CLANG_ENABLE_MODULES = YES;
				CLANG_ENABLE_OBJC_ARC = YES;
				CLANG_ENABLE_OBJC_WEAK = YES;
				CLANG_WARN_BLOCK_CAPTURE_AUTORELEASING = YES;
				CLANG_WARN_BOOL_CONVERSION = YES;
				CLANG_WARN_COMMA = YES;
				CLANG_WARN_CONSTANT_CONVERSION = YES;
				CLANG_WARN_DEPRECATED_OBJC_IMPLEMENTATIONS = YES;
				CLANG_WARN_DIRECT_OBJC_ISA_USAGE = YES_ERROR;
				CLANG_WARN_DOCUMENTATION_COMMENTS = YES;
				CLANG_WARN_EMPTY_BODY = YES;
				CLANG_WARN_ENUM_CONVERSION = YES;
				CLANG_WARN_INFINITE_RECURSION = YES;
				CLANG_WARN_INT_CONVERSION = YES;
				CLANG_WARN_NON_LITERAL_NULL_CONVERSION = YES;
				CLANG_WARN_OBJC_IMPLICIT_RETAIN_SELF = YES;
				CLANG_WARN_OBJC_LITERAL_CONVERSION = YES;
				CLANG_WARN_OBJC_ROOT_CLASS = YES_ERROR;
				CLANG_WARN_QUOTED_INCLUDE_IN_FRAMEWORK_HEADER = YES;
				CLANG_WARN_RANGE_LOOP_ANALYSIS = YES;
				CLANG_WARN_STRICT_PROTOTYPES = YES;
				CLANG_WARN_SUSPICIOUS_MOVE = YES;
				CLANG_WARN_UNGUARDED_AVAILABILITY = YES_AGGRESSIVE;
				CLANG_WARN_UNREACHABLE_CODE = YES;
				CLANG_WARN__DUPLICATE_METHOD_MATCH = YES;
				COPY_PHASE_STRIP = NO;
				DEBUG_INFORMATION_FORMAT = "dwarf-with-dsym";
				ENABLE_NS_ASSERTIONS = NO;
				ENABLE_STRICT_OBJC_MSGSEND = YES;
				GCC_C_LANGUAGE_STANDARD = gnu11;
				GCC_NO_COMMON_BLOCKS = YES;
				GCC_WARN_64_TO_32_BIT_CONVERSION = YES;
				GCC_WARN_ABOUT_RETURN_TYPE = YES_ERROR;
				GCC_WARN_UNDECLARED_SELECTOR = YES;
				GCC_WARN_UNINITIALIZED_AUTOS = YES_AGGRESSIVE;
				GCC_WARN_UNUSED_FUNCTION = YES;
				GCC_WARN_UNUSED_VARIABLE = YES;
				IPHONEOS_DEPLOYMENT_TARGET = 16.1;
				MTL_ENABLE_DEBUG_INFO = NO;
				MTL_FAST_MATH = YES;
				SDKROOT = iphoneos;
				SWIFT_COMPILATION_MODE = wholemodule;
				SWIFT_OPTIMIZATION_LEVEL = "-O";
				VALIDATE_PRODUCT = YES;
			};
			name = Release;
		};
		5C5BF60A2949083D00C5551C /* Debug */ = {
			isa = XCBuildConfiguration;
			baseConfigurationReference = 4944ABC2EF6D1698E9E16963 /* Pods-quizller-ios.debug.xcconfig */;
			buildSettings = {
				ASSETCATALOG_COMPILER_APPICON_NAME = AppIcon;
				ASSETCATALOG_COMPILER_GLOBAL_ACCENT_COLOR_NAME = AccentColor;
				CODE_SIGN_STYLE = Automatic;
				CURRENT_PROJECT_VERSION = 1;
				GENERATE_INFOPLIST_FILE = YES;
				INFOPLIST_FILE = "quizller-ios/Info.plist";
				INFOPLIST_KEY_UIApplicationSupportsIndirectInputEvents = YES;
				INFOPLIST_KEY_UILaunchStoryboardName = LaunchScreen;
				INFOPLIST_KEY_UIMainStoryboardFile = Main;
				INFOPLIST_KEY_UISupportedInterfaceOrientations_iPad = "UIInterfaceOrientationPortrait UIInterfaceOrientationPortraitUpsideDown UIInterfaceOrientationLandscapeLeft UIInterfaceOrientationLandscapeRight";
				INFOPLIST_KEY_UISupportedInterfaceOrientations_iPhone = "UIInterfaceOrientationPortrait UIInterfaceOrientationLandscapeLeft UIInterfaceOrientationLandscapeRight";
				LD_RUNPATH_SEARCH_PATHS = (
					"$(inherited)",
					"@executable_path/Frameworks",
				);
				MARKETING_VERSION = 1.0;
				PRODUCT_BUNDLE_IDENTIFIER = "com.bozhong.quizller-ios";
				PRODUCT_NAME = "$(TARGET_NAME)";
				SWIFT_EMIT_LOC_STRINGS = YES;
				SWIFT_VERSION = 5.0;
				TARGETED_DEVICE_FAMILY = "1,2";
			};
			name = Debug;
		};
		5C5BF60B2949083D00C5551C /* Release */ = {
			isa = XCBuildConfiguration;
			baseConfigurationReference = 33085E39AA0452A3050DAC0F /* Pods-quizller-ios.release.xcconfig */;
			buildSettings = {
				ASSETCATALOG_COMPILER_APPICON_NAME = AppIcon;
				ASSETCATALOG_COMPILER_GLOBAL_ACCENT_COLOR_NAME = AccentColor;
				CODE_SIGN_STYLE = Automatic;
				CURRENT_PROJECT_VERSION = 1;
				GENERATE_INFOPLIST_FILE = YES;
				INFOPLIST_FILE = "quizller-ios/Info.plist";
				INFOPLIST_KEY_UIApplicationSupportsIndirectInputEvents = YES;
				INFOPLIST_KEY_UILaunchStoryboardName = LaunchScreen;
				INFOPLIST_KEY_UIMainStoryboardFile = Main;
				INFOPLIST_KEY_UISupportedInterfaceOrientations_iPad = "UIInterfaceOrientationPortrait UIInterfaceOrientationPortraitUpsideDown UIInterfaceOrientationLandscapeLeft UIInterfaceOrientationLandscapeRight";
				INFOPLIST_KEY_UISupportedInterfaceOrientations_iPhone = "UIInterfaceOrientationPortrait UIInterfaceOrientationLandscapeLeft UIInterfaceOrientationLandscapeRight";
				LD_RUNPATH_SEARCH_PATHS = (
					"$(inherited)",
					"@executable_path/Frameworks",
				);
				MARKETING_VERSION = 1.0;
				PRODUCT_BUNDLE_IDENTIFIER = "com.bozhong.quizller-ios";
				PRODUCT_NAME = "$(TARGET_NAME)";
				SWIFT_EMIT_LOC_STRINGS = YES;
				SWIFT_VERSION = 5.0;
				TARGETED_DEVICE_FAMILY = "1,2";
			};
			name = Release;
		};
/* End XCBuildConfiguration section */

/* Begin XCConfigurationList section */
		5C5BF5F02949083B00C5551C /* Build configuration list for PBXProject "quizller-ios" */ = {
			isa = XCConfigurationList;
			buildConfigurations = (
				5C5BF6072949083D00C5551C /* Debug */,
				5C5BF6082949083D00C5551C /* Release */,
			);
			defaultConfigurationIsVisible = 0;
			defaultConfigurationName = Release;
		};
		5C5BF6092949083D00C5551C /* Build configuration list for PBXNativeTarget "quizller-ios" */ = {
			isa = XCConfigurationList;
			buildConfigurations = (
				5C5BF60A2949083D00C5551C /* Debug */,
				5C5BF60B2949083D00C5551C /* Release */,
			);
			defaultConfigurationIsVisible = 0;
			defaultConfigurationName = Release;
		};
/* End XCConfigurationList section */
	};
	rootObject = 5C5BF5ED2949083B00C5551C /* Project object */;
}
